
Microsoft Visual Studio Solution File, Format Version 12.00
# Visual Studio Version 17
VisualStudioVersion = 17.4.33205.214
MinimumVisualStudioVersion = 10.0.40219.1
Project("{FAE04EC0-301F-11D3-BF4B-00C04F79EFBC}") = "THA_W8_JESSICA_T", "THA_W8_JESSICA_T\THA_W8_JESSICA_T.csproj", "{5AACA228-D6D1-4AB4-A6FE-0C24A1703B2B}"
EndProject
Global
	GlobalSection(SolutionConfigurationPlatforms) = preSolution
		Debug|Any CPU = Debug|Any CPU
		Release|Any CPU = Release|Any CPU
	EndGlobalSection
	GlobalSection(ProjectConfigurationPlatforms) = postSolution
		{5AACA228-D6D1-4AB4-A6FE-0C24A1703B2B}.Debug|Any CPU.ActiveCfg = Debug|Any CPU
		{5AACA228-D6D1-4AB4-A6FE-0C24A1703B2B}.Debug|Any CPU.Build.0 = Debug|Any CPU
		{5AACA228-D6D1-4AB4-A6FE-0C24A1703B2B}.Release|Any CPU.ActiveCfg = Release|Any CPU
		{5AACA228-D6D1-4AB4-A6FE-0C24A1703B2B}.Release|Any CPU.Build.0 = Release|Any CPU
	EndGlobalSection
	GlobalSection(SolutionProperties) = preSolution
		HideSolutionNode = FALSE
	EndGlobalSection
	GlobalSection(ExtensibilityGlobals) = postSolution
		SolutionGuid = {844F901D-385A-4FE2-8063-76F619409E63}
	EndGlobalSection
EndGlobal
